// !$*UTF8*$!
{
	archiveVersion = 1;
	classes = {
	};
	objectVersion = 50;
	objects = {

/* Begin PBXBuildFile section */
		CF4233BB2508B5F7001DAB06 /* AppDelegate.m in Sources */ = {isa = PBXBuildFile; fileRef = CF4233BA2508B5F7001DAB06 /* AppDelegate.m */; };
		CF4233BE2508B5F8001DAB06 /* SceneDelegate.m in Sources */ = {isa = PBXBuildFile; fileRef = CF4233BD2508B5F8001DAB06 /* SceneDelegate.m */; };
		CF4233C12508B5F8001DAB06 /* ViewController.m in Sources */ = {isa = PBXBuildFile; fileRef = CF4233C02508B5F8001DAB06 /* ViewController.m */; };
		CF4233C42508B5F8001DAB06 /* Main.storyboard in Resources */ = {isa = PBXBuildFile; fileRef = CF4233C22508B5F8001DAB06 /* Main.storyboard */; };
		CF4233C62508B5FB001DAB06 /* Assets.xcassets in Resources */ = {isa = PBXBuildFile; fileRef = CF4233C52508B5FB001DAB06 /* Assets.xcassets */; };
		CF4233C92508B5FB001DAB06 /* LaunchScreen.storyboard in Resources */ = {isa = PBXBuildFile; fileRef = CF4233C72508B5FB001DAB06 /* LaunchScreen.storyboard */; };
		CF4233CC2508B5FB001DAB06 /* main.m in Sources */ = {isa = PBXBuildFile; fileRef = CF4233CB2508B5FB001DAB06 /* main.m */; };
		CF4233D62508B5FC001DAB06 /* CMForeignExchangeTests.m in Sources */ = {isa = PBXBuildFile; fileRef = CF4233D52508B5FC001DAB06 /* CMForeignExchangeTests.m */; };
		CF4233E12508B5FC001DAB06 /* CMForeignExchangeUITests.m in Sources */ = {isa = PBXBuildFile; fileRef = CF4233E02508B5FC001DAB06 /* CMForeignExchangeUITests.m */; };
		CF5F21CF250F7F6D00D5E1FC /* KLineChartModel.m in Sources */ = {isa = PBXBuildFile; fileRef = CF5F21CB250F7F6D00D5E1FC /* KLineChartModel.m */; };
		CF5F21D0250F7F6D00D5E1FC /* KLineChartDataSet.m in Sources */ = {isa = PBXBuildFile; fileRef = CF5F21CD250F7F6D00D5E1FC /* KLineChartDataSet.m */; };
		CF5F21ED250F83C300D5E1FC /* MJPropertyType.m in Sources */ = {isa = PBXBuildFile; fileRef = CF5F21DA250F83C300D5E1FC /* MJPropertyType.m */; };
		CF5F21EE250F83C300D5E1FC /* NSObject+MJKeyValue.m in Sources */ = {isa = PBXBuildFile; fileRef = CF5F21DD250F83C300D5E1FC /* NSObject+MJKeyValue.m */; };
		CF5F21EF250F83C300D5E1FC /* MJProperty.m in Sources */ = {isa = PBXBuildFile; fileRef = CF5F21DE250F83C300D5E1FC /* MJProperty.m */; };
		CF5F21F0250F83C300D5E1FC /* NSObject+MJCoding.m in Sources */ = {isa = PBXBuildFile; fileRef = CF5F21E0250F83C300D5E1FC /* NSObject+MJCoding.m */; };
		CF5F21F1250F83C300D5E1FC /* MJExtensionConst.m in Sources */ = {isa = PBXBuildFile; fileRef = CF5F21E2250F83C300D5E1FC /* MJExtensionConst.m */; };
		CF5F21F2250F83C300D5E1FC /* NSObject+MJProperty.m in Sources */ = {isa = PBXBuildFile; fileRef = CF5F21E3250F83C300D5E1FC /* NSObject+MJProperty.m */; };
		CF5F21F3250F83C300D5E1FC /* NSObject+MJClass.m in Sources */ = {isa = PBXBuildFile; fileRef = CF5F21E5250F83C300D5E1FC /* NSObject+MJClass.m */; };
		CF5F21F4250F83C300D5E1FC /* NSString+MJExtension.m in Sources */ = {isa = PBXBuildFile; fileRef = CF5F21E6250F83C300D5E1FC /* NSString+MJExtension.m */; };
		CF5F21F5250F83C300D5E1FC /* MJPropertyKey.m in Sources */ = {isa = PBXBuildFile; fileRef = CF5F21E7250F83C300D5E1FC /* MJPropertyKey.m */; };
		CF5F21F6250F83C300D5E1FC /* Info.plist in Resources */ = {isa = PBXBuildFile; fileRef = CF5F21EB250F83C300D5E1FC /* Info.plist */; };
		CF5F21F7250F83C300D5E1FC /* MJFoundation.m in Sources */ = {isa = PBXBuildFile; fileRef = CF5F21EC250F83C300D5E1FC /* MJFoundation.m */; };
		CF5F2201250F8AE800D5E1FC /* UIView+CSH.m in Sources */ = {isa = PBXBuildFile; fileRef = CF5F2200250F8AE800D5E1FC /* UIView+CSH.m */; };
		CF5F220425105E5700D5E1FC /* KLineChartScrollView.m in Sources */ = {isa = PBXBuildFile; fileRef = CF5F220325105E5700D5E1FC /* KLineChartScrollView.m */; };
		CF5F2207251068D400D5E1FC /* UIScrollView+contentInset.m in Sources */ = {isa = PBXBuildFile; fileRef = CF5F2206251068D400D5E1FC /* UIScrollView+contentInset.m */; };
		CF5F220A25106DCD00D5E1FC /* KLineChartView.m in Sources */ = {isa = PBXBuildFile; fileRef = CF5F220925106DCD00D5E1FC /* KLineChartView.m */; };
/* End PBXBuildFile section */

/* Begin PBXContainerItemProxy section */
		CF4233D22508B5FC001DAB06 /* PBXContainerItemProxy */ = {
			isa = PBXContainerItemProxy;
			containerPortal = CF4233AE2508B5F7001DAB06 /* Project object */;
			proxyType = 1;
			remoteGlobalIDString = CF4233B52508B5F7001DAB06;
			remoteInfo = CMForeignExchange;
		};
		CF4233DD2508B5FC001DAB06 /* PBXContainerItemProxy */ = {
			isa = PBXContainerItemProxy;
			containerPortal = CF4233AE2508B5F7001DAB06 /* Project object */;
			proxyType = 1;
			remoteGlobalIDString = CF4233B52508B5F7001DAB06;
			remoteInfo = CMForeignExchange;
		};
/* End PBXContainerItemProxy section */

/* Begin PBXFileReference section */
		CF4233B62508B5F7001DAB06 /* CMForeignExchange.app */ = {isa = PBXFileReference; explicitFileType = wrapper.application; includeInIndex = 0; path = CMForeignExchange.app; sourceTree = BUILT_PRODUCTS_DIR; };
		CF4233B92508B5F7001DAB06 /* AppDelegate.h */ = {isa = PBXFileReference; lastKnownFileType = sourcecode.c.h; path = AppDelegate.h; sourceTree = "<group>"; };
		CF4233BA2508B5F7001DAB06 /* AppDelegate.m */ = {isa = PBXFileReference; lastKnownFileType = sourcecode.c.objc; path = AppDelegate.m; sourceTree = "<group>"; };
		CF4233BC2508B5F8001DAB06 /* SceneDelegate.h */ = {isa = PBXFileReference; lastKnownFileType = sourcecode.c.h; path = SceneDelegate.h; sourceTree = "<group>"; };
		CF4233BD2508B5F8001DAB06 /* SceneDelegate.m */ = {isa = PBXFileReference; lastKnownFileType = sourcecode.c.objc; path = SceneDelegate.m; sourceTree = "<group>"; };
		CF4233BF2508B5F8001DAB06 /* ViewController.h */ = {isa = PBXFileReference; lastKnownFileType = sourcecode.c.h; path = ViewController.h; sourceTree = "<group>"; };
		CF4233C02508B5F8001DAB06 /* ViewController.m */ = {isa = PBXFileReference; lastKnownFileType = sourcecode.c.objc; path = ViewController.m; sourceTree = "<group>"; };
		CF4233C32508B5F8001DAB06 /* Base */ = {isa = PBXFileReference; lastKnownFileType = file.storyboard; name = Base; path = Base.lproj/Main.storyboard; sourceTree = "<group>"; };
		CF4233C52508B5FB001DAB06 /* Assets.xcassets */ = {isa = PBXFileReference; lastKnownFileType = folder.assetcatalog; path = Assets.xcassets; sourceTree = "<group>"; };
		CF4233C82508B5FB001DAB06 /* Base */ = {isa = PBXFileReference; lastKnownFileType = file.storyboard; name = Base; path = Base.lproj/LaunchScreen.storyboard; sourceTree = "<group>"; };
		CF4233CA2508B5FB001DAB06 /* Info.plist */ = {isa = PBXFileReference; lastKnownFileType = text.plist.xml; path = Info.plist; sourceTree = "<group>"; };
		CF4233CB2508B5FB001DAB06 /* main.m */ = {isa = PBXFileReference; lastKnownFileType = sourcecode.c.objc; path = main.m; sourceTree = "<group>"; };
		CF4233D12508B5FC001DAB06 /* CMForeignExchangeTests.xctest */ = {isa = PBXFileReference; explicitFileType = wrapper.cfbundle; includeInIndex = 0; path = CMForeignExchangeTests.xctest; sourceTree = BUILT_PRODUCTS_DIR; };
		CF4233D52508B5FC001DAB06 /* CMForeignExchangeTests.m */ = {isa = PBXFileReference; lastKnownFileType = sourcecode.c.objc; path = CMForeignExchangeTests.m; sourceTree = "<group>"; };
		CF4233D72508B5FC001DAB06 /* Info.plist */ = {isa = PBXFileReference; lastKnownFileType = text.plist.xml; path = Info.plist; sourceTree = "<group>"; };
		CF4233DC2508B5FC001DAB06 /* CMForeignExchangeUITests.xctest */ = {isa = PBXFileReference; explicitFileType = wrapper.cfbundle; includeInIndex = 0; path = CMForeignExchangeUITests.xctest; sourceTree = BUILT_PRODUCTS_DIR; };
		CF4233E02508B5FC001DAB06 /* CMForeignExchangeUITests.m */ = {isa = PBXFileReference; lastKnownFileType = sourcecode.c.objc; path = CMForeignExchangeUITests.m; sourceTree = "<group>"; };
		CF4233E22508B5FD001DAB06 /* Info.plist */ = {isa = PBXFileReference; lastKnownFileType = text.plist.xml; path = Info.plist; sourceTree = "<group>"; };
		CF5F21CB250F7F6D00D5E1FC /* KLineChartModel.m */ = {isa = PBXFileReference; fileEncoding = 4; lastKnownFileType = sourcecode.c.objc; path = KLineChartModel.m; sourceTree = "<group>"; };
		CF5F21CC250F7F6D00D5E1FC /* KLineChartModel.h */ = {isa = PBXFileReference; fileEncoding = 4; lastKnownFileType = sourcecode.c.h; path = KLineChartModel.h; sourceTree = "<group>"; };
		CF5F21CD250F7F6D00D5E1FC /* KLineChartDataSet.m */ = {isa = PBXFileReference; fileEncoding = 4; lastKnownFileType = sourcecode.c.objc; path = KLineChartDataSet.m; sourceTree = "<group>"; };
		CF5F21CE250F7F6D00D5E1FC /* KLineChartDataSet.h */ = {isa = PBXFileReference; fileEncoding = 4; lastKnownFileType = sourcecode.c.h; path = KLineChartDataSet.h; sourceTree = "<group>"; };
		CF5F21D2250F822700D5E1FC /* PrefixHeader.pch */ = {isa = PBXFileReference; lastKnownFileType = sourcecode.c.h; path = PrefixHeader.pch; sourceTree = "<group>"; };
		CF5F21D7250F83C300D5E1FC /* MJPropertyKey.h */ = {isa = PBXFileReference; fileEncoding = 4; lastKnownFileType = sourcecode.c.h; path = MJPropertyKey.h; sourceTree = "<group>"; };
		CF5F21D8250F83C300D5E1FC /* NSObject+MJClass.h */ = {isa = PBXFileReference; fileEncoding = 4; lastKnownFileType = sourcecode.c.h; path = "NSObject+MJClass.h"; sourceTree = "<group>"; };
		CF5F21D9250F83C300D5E1FC /* NSString+MJExtension.h */ = {isa = PBXFileReference; fileEncoding = 4; lastKnownFileType = sourcecode.c.h; path = "NSString+MJExtension.h"; sourceTree = "<group>"; };
		CF5F21DA250F83C300D5E1FC /* MJPropertyType.m */ = {isa = PBXFileReference; fileEncoding = 4; lastKnownFileType = sourcecode.c.objc; path = MJPropertyType.m; sourceTree = "<group>"; };
		CF5F21DB250F83C300D5E1FC /* NSObject+MJProperty.h */ = {isa = PBXFileReference; fileEncoding = 4; lastKnownFileType = sourcecode.c.h; path = "NSObject+MJProperty.h"; sourceTree = "<group>"; };
		CF5F21DC250F83C300D5E1FC /* MJExtensionConst.h */ = {isa = PBXFileReference; fileEncoding = 4; lastKnownFileType = sourcecode.c.h; path = MJExtensionConst.h; sourceTree = "<group>"; };
		CF5F21DD250F83C300D5E1FC /* NSObject+MJKeyValue.m */ = {isa = PBXFileReference; fileEncoding = 4; lastKnownFileType = sourcecode.c.objc; path = "NSObject+MJKeyValue.m"; sourceTree = "<group>"; };
		CF5F21DE250F83C300D5E1FC /* MJProperty.m */ = {isa = PBXFileReference; fileEncoding = 4; lastKnownFileType = sourcecode.c.objc; path = MJProperty.m; sourceTree = "<group>"; };
		CF5F21DF250F83C300D5E1FC /* MJFoundation.h */ = {isa = PBXFileReference; fileEncoding = 4; lastKnownFileType = sourcecode.c.h; path = MJFoundation.h; sourceTree = "<group>"; };
		CF5F21E0250F83C300D5E1FC /* NSObject+MJCoding.m */ = {isa = PBXFileReference; fileEncoding = 4; lastKnownFileType = sourcecode.c.objc; path = "NSObject+MJCoding.m"; sourceTree = "<group>"; };
		CF5F21E1250F83C300D5E1FC /* MJExtension.h */ = {isa = PBXFileReference; fileEncoding = 4; lastKnownFileType = sourcecode.c.h; path = MJExtension.h; sourceTree = "<group>"; };
		CF5F21E2250F83C300D5E1FC /* MJExtensionConst.m */ = {isa = PBXFileReference; fileEncoding = 4; lastKnownFileType = sourcecode.c.objc; path = MJExtensionConst.m; sourceTree = "<group>"; };
		CF5F21E3250F83C300D5E1FC /* NSObject+MJProperty.m */ = {isa = PBXFileReference; fileEncoding = 4; lastKnownFileType = sourcecode.c.objc; path = "NSObject+MJProperty.m"; sourceTree = "<group>"; };
		CF5F21E4250F83C300D5E1FC /* MJPropertyType.h */ = {isa = PBXFileReference; fileEncoding = 4; lastKnownFileType = sourcecode.c.h; path = MJPropertyType.h; sourceTree = "<group>"; };
		CF5F21E5250F83C300D5E1FC /* NSObject+MJClass.m */ = {isa = PBXFileReference; fileEncoding = 4; lastKnownFileType = sourcecode.c.objc; path = "NSObject+MJClass.m"; sourceTree = "<group>"; };
		CF5F21E6250F83C300D5E1FC /* NSString+MJExtension.m */ = {isa = PBXFileReference; fileEncoding = 4; lastKnownFileType = sourcecode.c.objc; path = "NSString+MJExtension.m"; sourceTree = "<group>"; };
		CF5F21E7250F83C300D5E1FC /* MJPropertyKey.m */ = {isa = PBXFileReference; fileEncoding = 4; lastKnownFileType = sourcecode.c.objc; path = MJPropertyKey.m; sourceTree = "<group>"; };
		CF5F21E8250F83C300D5E1FC /* MJProperty.h */ = {isa = PBXFileReference; fileEncoding = 4; lastKnownFileType = sourcecode.c.h; path = MJProperty.h; sourceTree = "<group>"; };
		CF5F21E9250F83C300D5E1FC /* NSObject+MJKeyValue.h */ = {isa = PBXFileReference; fileEncoding = 4; lastKnownFileType = sourcecode.c.h; path = "NSObject+MJKeyValue.h"; sourceTree = "<group>"; };
		CF5F21EA250F83C300D5E1FC /* NSObject+MJCoding.h */ = {isa = PBXFileReference; fileEncoding = 4; lastKnownFileType = sourcecode.c.h; path = "NSObject+MJCoding.h"; sourceTree = "<group>"; };
		CF5F21EB250F83C300D5E1FC /* Info.plist */ = {isa = PBXFileReference; fileEncoding = 4; lastKnownFileType = text.plist.xml; path = Info.plist; sourceTree = "<group>"; };
		CF5F21EC250F83C300D5E1FC /* MJFoundation.m */ = {isa = PBXFileReference; fileEncoding = 4; lastKnownFileType = sourcecode.c.objc; path = MJFoundation.m; sourceTree = "<group>"; };
		CF5F21F9250F841D00D5E1FC /* CMHeaderDefine.h */ = {isa = PBXFileReference; lastKnownFileType = sourcecode.c.h; path = CMHeaderDefine.h; sourceTree = "<group>"; };
		CF5F21FB250F88DD00D5E1FC /* CMColorDefine.h */ = {isa = PBXFileReference; lastKnownFileType = sourcecode.c.h; path = CMColorDefine.h; sourceTree = "<group>"; };
		CF5F21FF250F8AE800D5E1FC /* UIView+CSH.h */ = {isa = PBXFileReference; lastKnownFileType = sourcecode.c.h; path = "UIView+CSH.h"; sourceTree = "<group>"; };
		CF5F2200250F8AE800D5E1FC /* UIView+CSH.m */ = {isa = PBXFileReference; lastKnownFileType = sourcecode.c.objc; path = "UIView+CSH.m"; sourceTree = "<group>"; };
		CF5F220225105E5700D5E1FC /* KLineChartScrollView.h */ = {isa = PBXFileReference; lastKnownFileType = sourcecode.c.h; path = KLineChartScrollView.h; sourceTree = "<group>"; };
		CF5F220325105E5700D5E1FC /* KLineChartScrollView.m */ = {isa = PBXFileReference; lastKnownFileType = sourcecode.c.objc; path = KLineChartScrollView.m; sourceTree = "<group>"; };
		CF5F2205251068D400D5E1FC /* UIScrollView+contentInset.h */ = {isa = PBXFileReference; lastKnownFileType = sourcecode.c.h; path = "UIScrollView+contentInset.h"; sourceTree = "<group>"; };
		CF5F2206251068D400D5E1FC /* UIScrollView+contentInset.m */ = {isa = PBXFileReference; lastKnownFileType = sourcecode.c.objc; path = "UIScrollView+contentInset.m"; sourceTree = "<group>"; };
		CF5F220825106DCD00D5E1FC /* KLineChartView.h */ = {isa = PBXFileReference; lastKnownFileType = sourcecode.c.h; path = KLineChartView.h; sourceTree = "<group>"; };
		CF5F220925106DCD00D5E1FC /* KLineChartView.m */ = {isa = PBXFileReference; lastKnownFileType = sourcecode.c.objc; path = KLineChartView.m; sourceTree = "<group>"; };
/* End PBXFileReference section */

/* Begin PBXFrameworksBuildPhase section */
		CF4233B32508B5F7001DAB06 /* Frameworks */ = {
			isa = PBXFrameworksBuildPhase;
			buildActionMask = 2147483647;
			files = (
			);
			runOnlyForDeploymentPostprocessing = 0;
		};
		CF4233CE2508B5FC001DAB06 /* Frameworks */ = {
			isa = PBXFrameworksBuildPhase;
			buildActionMask = 2147483647;
			files = (
			);
			runOnlyForDeploymentPostprocessing = 0;
		};
		CF4233D92508B5FC001DAB06 /* Frameworks */ = {
			isa = PBXFrameworksBuildPhase;
			buildActionMask = 2147483647;
			files = (
			);
			runOnlyForDeploymentPostprocessing = 0;
		};
/* End PBXFrameworksBuildPhase section */

/* Begin PBXGroup section */
		CF4233AD2508B5F7001DAB06 = {
			isa = PBXGroup;
			children = (
				CF4233B82508B5F7001DAB06 /* CMForeignExchange */,
				CF4233D42508B5FC001DAB06 /* CMForeignExchangeTests */,
				CF4233DF2508B5FC001DAB06 /* CMForeignExchangeUITests */,
				CF4233B72508B5F7001DAB06 /* Products */,
			);
			sourceTree = "<group>";
		};
		CF4233B72508B5F7001DAB06 /* Products */ = {
			isa = PBXGroup;
			children = (
				CF4233B62508B5F7001DAB06 /* CMForeignExchange.app */,
				CF4233D12508B5FC001DAB06 /* CMForeignExchangeTests.xctest */,
				CF4233DC2508B5FC001DAB06 /* CMForeignExchangeUITests.xctest */,
			);
			name = Products;
			sourceTree = "<group>";
		};
		CF4233B82508B5F7001DAB06 /* CMForeignExchange */ = {
			isa = PBXGroup;
			children = (
				CF5F21FC250F8A2F00D5E1FC /* CMCategory */,
				CF5F21D5250F837E00D5E1FC /* CMLib */,
				CF5F21D1250F816E00D5E1FC /* CMDefine */,
				CF5F21C7250F78C800D5E1FC /* KLineChartView */,
				CF4233B92508B5F7001DAB06 /* AppDelegate.h */,
				CF4233BA2508B5F7001DAB06 /* AppDelegate.m */,
				CF4233BC2508B5F8001DAB06 /* SceneDelegate.h */,
				CF4233BD2508B5F8001DAB06 /* SceneDelegate.m */,
				CF4233BF2508B5F8001DAB06 /* ViewController.h */,
				CF4233C02508B5F8001DAB06 /* ViewController.m */,
				CF4233C22508B5F8001DAB06 /* Main.storyboard */,
				CF4233C52508B5FB001DAB06 /* Assets.xcassets */,
				CF5F21D2250F822700D5E1FC /* PrefixHeader.pch */,
				CF4233C72508B5FB001DAB06 /* LaunchScreen.storyboard */,
				CF4233CA2508B5FB001DAB06 /* Info.plist */,
				CF4233CB2508B5FB001DAB06 /* main.m */,
			);
			path = CMForeignExchange;
			sourceTree = "<group>";
		};
		CF4233D42508B5FC001DAB06 /* CMForeignExchangeTests */ = {
			isa = PBXGroup;
			children = (
				CF4233D52508B5FC001DAB06 /* CMForeignExchangeTests.m */,
				CF4233D72508B5FC001DAB06 /* Info.plist */,
			);
			path = CMForeignExchangeTests;
			sourceTree = "<group>";
		};
		CF4233DF2508B5FC001DAB06 /* CMForeignExchangeUITests */ = {
			isa = PBXGroup;
			children = (
				CF4233E02508B5FC001DAB06 /* CMForeignExchangeUITests.m */,
				CF4233E22508B5FD001DAB06 /* Info.plist */,
			);
			path = CMForeignExchangeUITests;
			sourceTree = "<group>";
		};
		CF5F21C7250F78C800D5E1FC /* KLineChartView */ = {
			isa = PBXGroup;
			children = (
				CF5F21CE250F7F6D00D5E1FC /* KLineChartDataSet.h */,
				CF5F21CD250F7F6D00D5E1FC /* KLineChartDataSet.m */,
				CF5F21CC250F7F6D00D5E1FC /* KLineChartModel.h */,
				CF5F21CB250F7F6D00D5E1FC /* KLineChartModel.m */,
				CF5F220225105E5700D5E1FC /* KLineChartScrollView.h */,
				CF5F220325105E5700D5E1FC /* KLineChartScrollView.m */,
				CF5F220825106DCD00D5E1FC /* KLineChartView.h */,
				CF5F220925106DCD00D5E1FC /* KLineChartView.m */,
			);
			path = KLineChartView;
			sourceTree = "<group>";
		};
		CF5F21D1250F816E00D5E1FC /* CMDefine */ = {
			isa = PBXGroup;
			children = (
				CF5F21F9250F841D00D5E1FC /* CMHeaderDefine.h */,
				CF5F21FB250F88DD00D5E1FC /* CMColorDefine.h */,
			);
			path = CMDefine;
			sourceTree = "<group>";
		};
		CF5F21D5250F837E00D5E1FC /* CMLib */ = {
			isa = PBXGroup;
			children = (
				CF5F21D6250F83C300D5E1FC /* MJExtension */,
			);
			path = CMLib;
			sourceTree = "<group>";
		};
		CF5F21D6250F83C300D5E1FC /* MJExtension */ = {
			isa = PBXGroup;
			children = (
				CF5F21D7250F83C300D5E1FC /* MJPropertyKey.h */,
				CF5F21D8250F83C300D5E1FC /* NSObject+MJClass.h */,
				CF5F21D9250F83C300D5E1FC /* NSString+MJExtension.h */,
				CF5F21DA250F83C300D5E1FC /* MJPropertyType.m */,
				CF5F21DB250F83C300D5E1FC /* NSObject+MJProperty.h */,
				CF5F21DC250F83C300D5E1FC /* MJExtensionConst.h */,
				CF5F21DD250F83C300D5E1FC /* NSObject+MJKeyValue.m */,
				CF5F21DE250F83C300D5E1FC /* MJProperty.m */,
				CF5F21DF250F83C300D5E1FC /* MJFoundation.h */,
				CF5F21E0250F83C300D5E1FC /* NSObject+MJCoding.m */,
				CF5F21E1250F83C300D5E1FC /* MJExtension.h */,
				CF5F21E2250F83C300D5E1FC /* MJExtensionConst.m */,
				CF5F21E3250F83C300D5E1FC /* NSObject+MJProperty.m */,
				CF5F21E4250F83C300D5E1FC /* MJPropertyType.h */,
				CF5F21E5250F83C300D5E1FC /* NSObject+MJClass.m */,
				CF5F21E6250F83C300D5E1FC /* NSString+MJExtension.m */,
				CF5F21E7250F83C300D5E1FC /* MJPropertyKey.m */,
				CF5F21E8250F83C300D5E1FC /* MJProperty.h */,
				CF5F21E9250F83C300D5E1FC /* NSObject+MJKeyValue.h */,
				CF5F21EA250F83C300D5E1FC /* NSObject+MJCoding.h */,
				CF5F21EB250F83C300D5E1FC /* Info.plist */,
				CF5F21EC250F83C300D5E1FC /* MJFoundation.m */,
			);
			path = MJExtension;
			sourceTree = "<group>";
		};
		CF5F21FC250F8A2F00D5E1FC /* CMCategory */ = {
			isa = PBXGroup;
			children = (
				CF5F21FF250F8AE800D5E1FC /* UIView+CSH.h */,
				CF5F2200250F8AE800D5E1FC /* UIView+CSH.m */,
				CF5F2205251068D400D5E1FC /* UIScrollView+contentInset.h */,
				CF5F2206251068D400D5E1FC /* UIScrollView+contentInset.m */,
			);
			path = CMCategory;
			sourceTree = "<group>";
		};
/* End PBXGroup section */

/* Begin PBXNativeTarget section */
		CF4233B52508B5F7001DAB06 /* CMForeignExchange */ = {
			isa = PBXNativeTarget;
			buildConfigurationList = CF4233E52508B5FD001DAB06 /* Build configuration list for PBXNativeTarget "CMForeignExchange" */;
			buildPhases = (
				CF4233B22508B5F7001DAB06 /* Sources */,
				CF4233B32508B5F7001DAB06 /* Frameworks */,
				CF4233B42508B5F7001DAB06 /* Resources */,
			);
			buildRules = (
			);
			dependencies = (
			);
			name = CMForeignExchange;
			productName = CMForeignExchange;
			productReference = CF4233B62508B5F7001DAB06 /* CMForeignExchange.app */;
			productType = "com.apple.product-type.application";
		};
		CF4233D02508B5FC001DAB06 /* CMForeignExchangeTests */ = {
			isa = PBXNativeTarget;
			buildConfigurationList = CF4233E82508B5FD001DAB06 /* Build configuration list for PBXNativeTarget "CMForeignExchangeTests" */;
			buildPhases = (
				CF4233CD2508B5FC001DAB06 /* Sources */,
				CF4233CE2508B5FC001DAB06 /* Frameworks */,
				CF4233CF2508B5FC001DAB06 /* Resources */,
			);
			buildRules = (
			);
			dependencies = (
				CF4233D32508B5FC001DAB06 /* PBXTargetDependency */,
			);
			name = CMForeignExchangeTests;
			productName = CMForeignExchangeTests;
			productReference = CF4233D12508B5FC001DAB06 /* CMForeignExchangeTests.xctest */;
			productType = "com.apple.product-type.bundle.unit-test";
		};
		CF4233DB2508B5FC001DAB06 /* CMForeignExchangeUITests */ = {
			isa = PBXNativeTarget;
			buildConfigurationList = CF4233EB2508B5FD001DAB06 /* Build configuration list for PBXNativeTarget "CMForeignExchangeUITests" */;
			buildPhases = (
				CF4233D82508B5FC001DAB06 /* Sources */,
				CF4233D92508B5FC001DAB06 /* Frameworks */,
				CF4233DA2508B5FC001DAB06 /* Resources */,
			);
			buildRules = (
			);
			dependencies = (
				CF4233DE2508B5FC001DAB06 /* PBXTargetDependency */,
			);
			name = CMForeignExchangeUITests;
			productName = CMForeignExchangeUITests;
			productReference = CF4233DC2508B5FC001DAB06 /* CMForeignExchangeUITests.xctest */;
			productType = "com.apple.product-type.bundle.ui-testing";
		};
/* End PBXNativeTarget section */

/* Begin PBXProject section */
		CF4233AE2508B5F7001DAB06 /* Project object */ = {
			isa = PBXProject;
			attributes = {
				LastUpgradeCheck = 1150;
				ORGANIZATIONNAME = "梦";
				TargetAttributes = {
					CF4233B52508B5F7001DAB06 = {
						CreatedOnToolsVersion = 11.5;
					};
					CF4233D02508B5FC001DAB06 = {
						CreatedOnToolsVersion = 11.5;
						TestTargetID = CF4233B52508B5F7001DAB06;
					};
					CF4233DB2508B5FC001DAB06 = {
						CreatedOnToolsVersion = 11.5;
						TestTargetID = CF4233B52508B5F7001DAB06;
					};
				};
			};
			buildConfigurationList = CF4233B12508B5F7001DAB06 /* Build configuration list for PBXProject "CMForeignExchange" */;
			compatibilityVersion = "Xcode 9.3";
			developmentRegion = en;
			hasScannedForEncodings = 0;
			knownRegions = (
				en,
				Base,
			);
			mainGroup = CF4233AD2508B5F7001DAB06;
			productRefGroup = CF4233B72508B5F7001DAB06 /* Products */;
			projectDirPath = "";
			projectRoot = "";
			targets = (
				CF4233B52508B5F7001DAB06 /* CMForeignExchange */,
				CF4233D02508B5FC001DAB06 /* CMForeignExchangeTests */,
				CF4233DB2508B5FC001DAB06 /* CMForeignExchangeUITests */,
			);
		};
/* End PBXProject section */

/* Begin PBXResourcesBuildPhase section */
		CF4233B42508B5F7001DAB06 /* Resources */ = {
			isa = PBXResourcesBuildPhase;
			buildActionMask = 2147483647;
			files = (
				CF5F21F6250F83C300D5E1FC /* Info.plist in Resources */,
				CF4233C92508B5FB001DAB06 /* LaunchScreen.storyboard in Resources */,
				CF4233C62508B5FB001DAB06 /* Assets.xcassets in Resources */,
				CF4233C42508B5F8001DAB06 /* Main.storyboard in Resources */,
			);
			runOnlyForDeploymentPostprocessing = 0;
		};
		CF4233CF2508B5FC001DAB06 /* Resources */ = {
			isa = PBXResourcesBuildPhase;
			buildActionMask = 2147483647;
			files = (
			);
			runOnlyForDeploymentPostprocessing = 0;
		};
		CF4233DA2508B5FC001DAB06 /* Resources */ = {
			isa = PBXResourcesBuildPhase;
			buildActionMask = 2147483647;
			files = (
			);
			runOnlyForDeploymentPostprocessing = 0;
		};
/* End PBXResourcesBuildPhase section */

/* Begin PBXSourcesBuildPhase section */
		CF4233B22508B5F7001DAB06 /* Sources */ = {
			isa = PBXSourcesBuildPhase;
			buildActionMask = 2147483647;
			files = (
				CF5F220425105E5700D5E1FC /* KLineChartScrollView.m in Sources */,
				CF5F21F1250F83C300D5E1FC /* MJExtensionConst.m in Sources */,
				CF5F21F3250F83C300D5E1FC /* NSObject+MJClass.m in Sources */,
				CF5F21EE250F83C300D5E1FC /* NSObject+MJKeyValue.m in Sources */,
				CF4233C12508B5F8001DAB06 /* ViewController.m in Sources */,
				CF5F21D0250F7F6D00D5E1FC /* KLineChartDataSet.m in Sources */,
				CF4233BB2508B5F7001DAB06 /* AppDelegate.m in Sources */,
				CF5F2207251068D400D5E1FC /* UIScrollView+contentInset.m in Sources */,
				CF5F21F0250F83C300D5E1FC /* NSObject+MJCoding.m in Sources */,
				CF5F21F7250F83C300D5E1FC /* MJFoundation.m in Sources */,
				CF5F21F5250F83C300D5E1FC /* MJPropertyKey.m in Sources */,
				CF5F21EF250F83C300D5E1FC /* MJProperty.m in Sources */,
				CF5F21F2250F83C300D5E1FC /* NSObject+MJProperty.m in Sources */,
				CF5F21CF250F7F6D00D5E1FC /* KLineChartModel.m in Sources */,
				CF5F21F4250F83C300D5E1FC /* NSString+MJExtension.m in Sources */,
				CF5F220A25106DCD00D5E1FC /* KLineChartView.m in Sources */,
				CF5F2201250F8AE800D5E1FC /* UIView+CSH.m in Sources */,
				CF4233CC2508B5FB001DAB06 /* main.m in Sources */,
				CF5F21ED250F83C300D5E1FC /* MJPropertyType.m in Sources */,
				CF4233BE2508B5F8001DAB06 /* SceneDelegate.m in Sources */,
			);
			runOnlyForDeploymentPostprocessing = 0;
		};
		CF4233CD2508B5FC001DAB06 /* Sources */ = {
			isa = PBXSourcesBuildPhase;
			buildActionMask = 2147483647;
			files = (
				CF4233D62508B5FC001DAB06 /* CMForeignExchangeTests.m in Sources */,
			);
			runOnlyForDeploymentPostprocessing = 0;
		};
		CF4233D82508B5FC001DAB06 /* Sources */ = {
			isa = PBXSourcesBuildPhase;
			buildActionMask = 2147483647;
			files = (
				CF4233E12508B5FC001DAB06 /* CMForeignExchangeUITests.m in Sources */,
			);
			runOnlyForDeploymentPostprocessing = 0;
		};
/* End PBXSourcesBuildPhase section */

/* Begin PBXTargetDependency section */
		CF4233D32508B5FC001DAB06 /* PBXTargetDependency */ = {
			isa = PBXTargetDependency;
			target = CF4233B52508B5F7001DAB06 /* CMForeignExchange */;
			targetProxy = CF4233D22508B5FC001DAB06 /* PBXContainerItemProxy */;
		};
		CF4233DE2508B5FC001DAB06 /* PBXTargetDependency */ = {
			isa = PBXTargetDependency;
			target = CF4233B52508B5F7001DAB06 /* CMForeignExchange */;
			targetProxy = CF4233DD2508B5FC001DAB06 /* PBXContainerItemProxy */;
		};
/* End PBXTargetDependency section */

/* Begin PBXVariantGroup section */
		CF4233C22508B5F8001DAB06 /* Main.storyboard */ = {
			isa = PBXVariantGroup;
			children = (
				CF4233C32508B5F8001DAB06 /* Base */,
			);
			name = Main.storyboard;
			sourceTree = "<group>";
		};
		CF4233C72508B5FB001DAB06 /* LaunchScreen.storyboard */ = {
			isa = PBXVariantGroup;
			children = (
				CF4233C82508B5FB001DAB06 /* Base */,
			);
			name = LaunchScreen.storyboard;
			sourceTree = "<group>";
		};
/* End PBXVariantGroup section */

/* Begin XCBuildConfiguration section */
		CF4233E32508B5FD001DAB06 /* Debug */ = {
			isa = XCBuildConfiguration;
			buildSettings = {
				ALWAYS_SEARCH_USER_PATHS = NO;
				CLANG_ANALYZER_NONNULL = YES;
				CLANG_ANALYZER_NUMBER_OBJECT_CONVERSION = YES_AGGRESSIVE;
				CLANG_CXX_LANGUAGE_STANDARD = "gnu++14";
				CLANG_CXX_LIBRARY = "libc++";
				CLANG_ENABLE_MODULES = YES;
				CLANG_ENABLE_OBJC_ARC = YES;
				CLANG_ENABLE_OBJC_WEAK = YES;
				CLANG_WARN_BLOCK_CAPTURE_AUTORELEASING = YES;
				CLANG_WARN_BOOL_CONVERSION = YES;
				CLANG_WARN_COMMA = YES;
				CLANG_WARN_CONSTANT_CONVERSION = YES;
				CLANG_WARN_DEPRECATED_OBJC_IMPLEMENTATIONS = YES;
				CLANG_WARN_DIRECT_OBJC_ISA_USAGE = YES_ERROR;
				CLANG_WARN_DOCUMENTATION_COMMENTS = YES;
				CLANG_WARN_EMPTY_BODY = YES;
				CLANG_WARN_ENUM_CONVERSION = YES;
				CLANG_WARN_INFINITE_RECURSION = YES;
				CLANG_WARN_INT_CONVERSION = YES;
				CLANG_WARN_NON_LITERAL_NULL_CONVERSION = YES;
				CLANG_WARN_OBJC_IMPLICIT_RETAIN_SELF = YES;
				CLANG_WARN_OBJC_LITERAL_CONVERSION = YES;
				CLANG_WARN_OBJC_ROOT_CLASS = YES_ERROR;
				CLANG_WARN_RANGE_LOOP_ANALYSIS = YES;
				CLANG_WARN_STRICT_PROTOTYPES = YES;
				CLANG_WARN_SUSPICIOUS_MOVE = YES;
				CLANG_WARN_UNGUARDED_AVAILABILITY = YES_AGGRESSIVE;
				CLANG_WARN_UNREACHABLE_CODE = YES;
				CLANG_WARN__DUPLICATE_METHOD_MATCH = YES;
				COPY_PHASE_STRIP = NO;
				DEBUG_INFORMATION_FORMAT = dwarf;
				ENABLE_STRICT_OBJC_MSGSEND = YES;
				ENABLE_TESTABILITY = YES;
				GCC_C_LANGUAGE_STANDARD = gnu11;
				GCC_DYNAMIC_NO_PIC = NO;
				GCC_NO_COMMON_BLOCKS = YES;
				GCC_OPTIMIZATION_LEVEL = 0;
				GCC_PREPROCESSOR_DEFINITIONS = (
					"DEBUG=1",
					"$(inherited)",
				);
				GCC_WARN_64_TO_32_BIT_CONVERSION = YES;
				GCC_WARN_ABOUT_RETURN_TYPE = YES_ERROR;
				GCC_WARN_UNDECLARED_SELECTOR = YES;
				GCC_WARN_UNINITIALIZED_AUTOS = YES_AGGRESSIVE;
				GCC_WARN_UNUSED_FUNCTION = YES;
				GCC_WARN_UNUSED_VARIABLE = YES;
				IPHONEOS_DEPLOYMENT_TARGET = 10.0;
				MTL_ENABLE_DEBUG_INFO = INCLUDE_SOURCE;
				MTL_FAST_MATH = YES;
				ONLY_ACTIVE_ARCH = YES;
				SDKROOT = iphoneos;
			};
			name = Debug;
		};
		CF4233E42508B5FD001DAB06 /* Release */ = {
			isa = XCBuildConfiguration;
			buildSettings = {
				ALWAYS_SEARCH_USER_PATHS = NO;
				CLANG_ANALYZER_NONNULL = YES;
				CLANG_ANALYZER_NUMBER_OBJECT_CONVERSION = YES_AGGRESSIVE;
				CLANG_CXX_LANGUAGE_STANDARD = "gnu++14";
				CLANG_CXX_LIBRARY = "libc++";
				CLANG_ENABLE_MODULES = YES;
				CLANG_ENABLE_OBJC_ARC = YES;
				CLANG_ENABLE_OBJC_WEAK = YES;
				CLANG_WARN_BLOCK_CAPTURE_AUTORELEASING = YES;
				CLANG_WARN_BOOL_CONVERSION = YES;
				CLANG_WARN_COMMA = YES;
				CLANG_WARN_CONSTANT_CONVERSION = YES;
				CLANG_WARN_DEPRECATED_OBJC_IMPLEMENTATIONS = YES;
				CLANG_WARN_DIRECT_OBJC_ISA_USAGE = YES_ERROR;
				CLANG_WARN_DOCUMENTATION_COMMENTS = YES;
				CLANG_WARN_EMPTY_BODY = YES;
				CLANG_WARN_ENUM_CONVERSION = YES;
				CLANG_WARN_INFINITE_RECURSION = YES;
				CLANG_WARN_INT_CONVERSION = YES;
				CLANG_WARN_NON_LITERAL_NULL_CONVERSION = YES;
				CLANG_WARN_OBJC_IMPLICIT_RETAIN_SELF = YES;
				CLANG_WARN_OBJC_LITERAL_CONVERSION = YES;
				CLANG_WARN_OBJC_ROOT_CLASS = YES_ERROR;
				CLANG_WARN_RANGE_LOOP_ANALYSIS = YES;
				CLANG_WARN_STRICT_PROTOTYPES = YES;
				CLANG_WARN_SUSPICIOUS_MOVE = YES;
				CLANG_WARN_UNGUARDED_AVAILABILITY = YES_AGGRESSIVE;
				CLANG_WARN_UNREACHABLE_CODE = YES;
				CLANG_WARN__DUPLICATE_METHOD_MATCH = YES;
				COPY_PHASE_STRIP = NO;
				DEBUG_INFORMATION_FORMAT = "dwarf-with-dsym";
				ENABLE_NS_ASSERTIONS = NO;
				ENABLE_STRICT_OBJC_MSGSEND = YES;
				GCC_C_LANGUAGE_STANDARD = gnu11;
				GCC_NO_COMMON_BLOCKS = YES;
				GCC_WARN_64_TO_32_BIT_CONVERSION = YES;
				GCC_WARN_ABOUT_RETURN_TYPE = YES_ERROR;
				GCC_WARN_UNDECLARED_SELECTOR = YES;
				GCC_WARN_UNINITIALIZED_AUTOS = YES_AGGRESSIVE;
				GCC_WARN_UNUSED_FUNCTION = YES;
				GCC_WARN_UNUSED_VARIABLE = YES;
				IPHONEOS_DEPLOYMENT_TARGET = 10.0;
				MTL_ENABLE_DEBUG_INFO = NO;
				MTL_FAST_MATH = YES;
				SDKROOT = iphoneos;
				VALIDATE_PRODUCT = YES;
			};
			name = Release;
		};
		CF4233E62508B5FD001DAB06 /* Debug */ = {
			isa = XCBuildConfiguration;
			buildSettings = {
				ASSETCATALOG_COMPILER_APPICON_NAME = AppIcon;
				CODE_SIGN_STYLE = Automatic;
				DEVELOPMENT_TEAM = SAR59K3KKY;
				GCC_PREFIX_HEADER = "$(SRCROOT)/CMForeignExchange//PrefixHeader.pch";
				INFOPLIST_FILE = CMForeignExchange/Info.plist;
				LD_RUNPATH_SEARCH_PATHS = (
					"$(inherited)",
					"@executable_path/Frameworks",
				);
				PRODUCT_BUNDLE_IDENTIFIER = com.nxgroup.fetrading;
				PRODUCT_NAME = "$(TARGET_NAME)";
				TARGETED_DEVICE_FAMILY = "1,2";
			};
			name = Debug;
		};
		CF4233E72508B5FD001DAB06 /* Release */ = {
			isa = XCBuildConfiguration;
			buildSettings = {
				ASSETCATALOG_COMPILER_APPICON_NAME = AppIcon;
				CODE_SIGN_STYLE = Automatic;
				DEVELOPMENT_TEAM = SAR59K3KKY;
				GCC_PREFIX_HEADER = "$(SRCROOT)/CMForeignExchange//PrefixHeader.pch";
				INFOPLIST_FILE = CMForeignExchange/Info.plist;
				LD_RUNPATH_SEARCH_PATHS = (
					"$(inherited)",
					"@executable_path/Frameworks",
				);
				PRODUCT_BUNDLE_IDENTIFIER = com.nxgroup.fetrading;
				PRODUCT_NAME = "$(TARGET_NAME)";
				TARGETED_DEVICE_FAMILY = "1,2";
			};
			name = Release;
		};
		CF4233E92508B5FD001DAB06 /* Debug */ = {
			isa = XCBuildConfiguration;
			buildSettings = {
				BUNDLE_LOADER = "$(TEST_HOST)";
				CODE_SIGN_STYLE = Automatic;
				INFOPLIST_FILE = CMForeignExchangeTests/Info.plist;
				IPHONEOS_DEPLOYMENT_TARGET = 13.5;
				LD_RUNPATH_SEARCH_PATHS = (
					"$(inherited)",
					"@executable_path/Frameworks",
					"@loader_path/Frameworks",
				);
				PRODUCT_BUNDLE_IDENTIFIER = chermon.CMForeignExchangeTests;
				PRODUCT_NAME = "$(TARGET_NAME)";
				TARGETED_DEVICE_FAMILY = "1,2";
				TEST_HOST = "$(BUILT_PRODUCTS_DIR)/CMForeignExchange.app/CMForeignExchange";
			};
			name = Debug;
		};
		CF4233EA2508B5FD001DAB06 /* Release */ = {
			isa = XCBuildConfiguration;
			buildSettings = {
				BUNDLE_LOADER = "$(TEST_HOST)";
				CODE_SIGN_STYLE = Automatic;
				INFOPLIST_FILE = CMForeignExchangeTests/Info.plist;
				IPHONEOS_DEPLOYMENT_TARGET = 13.5;
				LD_RUNPATH_SEARCH_PATHS = (
					"$(inherited)",
					"@executable_path/Frameworks",
					"@loader_path/Frameworks",
				);
				PRODUCT_BUNDLE_IDENTIFIER = chermon.CMForeignExchangeTests;
				PRODUCT_NAME = "$(TARGET_NAME)";
				TARGETED_DEVICE_FAMILY = "1,2";
				TEST_HOST = "$(BUILT_PRODUCTS_DIR)/CMForeignExchange.app/CMForeignExchange";
			};
			name = Release;
		};
		CF4233EC2508B5FD001DAB06 /* Debug */ = {
			isa = XCBuildConfiguration;
			buildSettings = {
				CODE_SIGN_STYLE = Automatic;
				INFOPLIST_FILE = CMForeignExchangeUITests/Info.plist;
				LD_RUNPATH_SEARCH_PATHS = (
					"$(inherited)",
					"@executable_path/Frameworks",
					"@loader_path/Frameworks",
				);
				PRODUCT_BUNDLE_IDENTIFIER = chermon.CMForeignExchangeUITests;
				PRODUCT_NAME = "$(TARGET_NAME)";
				TARGETED_DEVICE_FAMILY = "1,2";
				TEST_TARGET_NAME = CMForeignExchange;
			};
			name = Debug;
		};
		CF4233ED2508B5FD001DAB06 /* Release */ = {
			isa = XCBuildConfiguration;
			buildSettings = {
				CODE_SIGN_STYLE = Automatic;
				INFOPLIST_FILE = CMForeignExchangeUITests/Info.plist;
				LD_RUNPATH_SEARCH_PATHS = (
					"$(inherited)",
					"@executable_path/Frameworks",
					"@loader_path/Frameworks",
				);
				PRODUCT_BUNDLE_IDENTIFIER = chermon.CMForeignExchangeUITests;
				PRODUCT_NAME = "$(TARGET_NAME)";
				TARGETED_DEVICE_FAMILY = "1,2";
				TEST_TARGET_NAME = CMForeignExchange;
			};
			name = Release;
		};
/* End XCBuildConfiguration section */

/* Begin XCConfigurationList section */
		CF4233B12508B5F7001DAB06 /* Build configuration list for PBXProject "CMForeignExchange" */ = {
			isa = XCConfigurationList;
			buildConfigurations = (
				CF4233E32508B5FD001DAB06 /* Debug */,
				CF4233E42508B5FD001DAB06 /* Release */,
			);
			defaultConfigurationIsVisible = 0;
			defaultConfigurationName = Release;
		};
		CF4233E52508B5FD001DAB06 /* Build configuration list for PBXNativeTarget "CMForeignExchange" */ = {
			isa = XCConfigurationList;
			buildConfigurations = (
				CF4233E62508B5FD001DAB06 /* Debug */,
				CF4233E72508B5FD001DAB06 /* Release */,
			);
			defaultConfigurationIsVisible = 0;
			defaultConfigurationName = Release;
		};
		CF4233E82508B5FD001DAB06 /* Build configuration list for PBXNativeTarget "CMForeignExchangeTests" */ = {
			isa = XCConfigurationList;
			buildConfigurations = (
				CF4233E92508B5FD001DAB06 /* Debug */,
				CF4233EA2508B5FD001DAB06 /* Release */,
			);
			defaultConfigurationIsVisible = 0;
			defaultConfigurationName = Release;
		};
		CF4233EB2508B5FD001DAB06 /* Build configuration list for PBXNativeTarget "CMForeignExchangeUITests" */ = {
			isa = XCConfigurationList;
			buildConfigurations = (
				CF4233EC2508B5FD001DAB06 /* Debug */,
				CF4233ED2508B5FD001DAB06 /* Release */,
			);
			defaultConfigurationIsVisible = 0;
			defaultConfigurationName = Release;
		};
/* End XCConfigurationList section */
	};
	rootObject = CF4233AE2508B5F7001DAB06 /* Project object */;
}
